{
    "name": "pkg-test",
    "version": "1.0.0",
    "lockfileVersion": 3,
    "requires": true,
    "packages": {
        "": {
            "name": "pkg-test",
            "version": "1.0.0",
            "license": "ISC",
            "dependencies": {
                "mozithermodb": "file:../../mozithermodb-1.3.1.tgz"
            }
        },
        "node_modules/mozithermodb": {
            "version": "1.3.1",
            "resolved": "file:../../mozithermodb-1.3.1.tgz",
            "integrity": "sha512-seQ9KP7bC8+R1Imdwxc5IDWd1EImtjTfNdv6kF+qPQlu1k1/rTjB3PDILzwSe7sLECnyhusns/xxGoCPWFUBhg==",
            "license": "Apache-2.0",
            "dependencies": {
                "mozithermodb-settings": "^1.1.4"
            }
        },
        "node_modules/mozithermodb-settings": {
            "version": "1.1.4",
            "resolved": "https://registry.npmjs.org/mozithermodb-settings/-/mozithermodb-settings-1.1.4.tgz",
            "integrity": "sha512-nSlidlSmG/kDaJ4u0nuxRE+eucFGgCl+htO4rzwir5FHTOYoJ0u2LVSts3xOqgUbvHkp3ZuIBcFACNhNrP9POw==",
            "license": "Apache-2.0",
            "dependencies": {
                "zod": "^4.3.6"
            }
        },
        "node_modules/zod": {
            "version": "4.3.6",
            "resolved": "https://registry.npmjs.org/zod/-/zod-4.3.6.tgz",
            "integrity": "sha512-rftlrkhHZOcjDwkGlnUtZZkvaPHCsDATp4pGpuOOMDaTdDDXF91wuVDJoWoPsKX/3YPQ5fHuF3STjcYyKr+Qhg==",
            "license": "MIT",
            "funding": {
                "url": "https://github.com/sponsors/colinhacks"
            }
        }
    }
}
